
Microsoft Visual Studio Solution File, Format Version 12.00
# Visual Studio Version 16
VisualStudioVersion = 16.0.29123.88
MinimumVisualStudioVersion = 10.0.40219.1
Project("{FAE04EC0-301F-11D3-BF4B-00C04F79EFBC}") = "GPPWindowsFormsAFIP", "GPPWindowsFormsAFIP\GPPWindowsFormsAFIP.csproj", "{07F34725-5ABB-4A2D-8143-C25AFB54A9D7}"
EndProject
Global
	GlobalSection(SolutionConfigurationPlatforms) = preSolution
		Debug|Any CPU = Debug|Any CPU
		Release|Any CPU = Release|Any CPU
	EndGlobalSection
	GlobalSection(ProjectConfigurationPlatforms) = postSolution
		{07F34725-5ABB-4A2D-8143-C25AFB54A9D7}.Debug|Any CPU.ActiveCfg = Debug|Any CPU
		{07F34725-5ABB-4A2D-8143-C25AFB54A9D7}.Debug|Any CPU.Build.0 = Debug|Any CPU
		{07F34725-5ABB-4A2D-8143-C25AFB54A9D7}.Release|Any CPU.ActiveCfg = Release|Any CPU
		{07F34725-5ABB-4A2D-8143-C25AFB54A9D7}.Release|Any CPU.Build.0 = Release|Any CPU
	EndGlobalSection
	GlobalSection(SolutionProperties) = preSolution
		HideSolutionNode = FALSE
	EndGlobalSection
	GlobalSection(ExtensibilityGlobals) = postSolution
		SolutionGuid = {9991A85F-FF78-4E55-B3D5-C7164B6EBAB8}
	EndGlobalSection
EndGlobal
